
Microsoft Visual Studio Solution File, Format Version 12.00
# Visual Studio 2013
VisualStudioVersion = 12.0.30723.0
MinimumVisualStudioVersion = 10.0.40219.1
Project("{FAE04EC0-301F-11D3-BF4B-00C04F79EFBC}") = "ww-ws-test", "ww-ws-test\ww-ws-test.csproj", "{448B4EC0-1AD4-4F0B-8614-6D88DD811196}"
EndProject
Project("{2150E333-8FDC-42A3-9474-1A3956D46DE8}") = "PublishScripts", "PublishScripts", "{E172E76B-8AF7-4431-8F88-FB3D97F9C23C}"
	ProjectSection(SolutionItems) = preProject
		PublishScripts\AzureWebsitePublishModule.psm1 = PublishScripts\AzureWebsitePublishModule.psm1
		PublishScripts\Publish-WebApplicationWebsite.ps1 = PublishScripts\Publish-WebApplicationWebsite.ps1
	EndProjectSection
EndProject
Project("{2150E333-8FDC-42A3-9474-1A3956D46DE8}") = "Configurations", "Configurations", "{6EFA8FEC-B320-4BE7-A52B-344A517A91AD}"
	ProjectSection(SolutionItems) = preProject
		PublishScripts\Configurations\ww-ws-test-WAWS-dev.json = PublishScripts\Configurations\ww-ws-test-WAWS-dev.json
	EndProjectSection
EndProject
Global
	GlobalSection(SolutionConfigurationPlatforms) = preSolution
		Debug|Any CPU = Debug|Any CPU
		Release|Any CPU = Release|Any CPU
	EndGlobalSection
	GlobalSection(ProjectConfigurationPlatforms) = postSolution
		{448B4EC0-1AD4-4F0B-8614-6D88DD811196}.Debug|Any CPU.ActiveCfg = Debug|Any CPU
		{448B4EC0-1AD4-4F0B-8614-6D88DD811196}.Debug|Any CPU.Build.0 = Debug|Any CPU
		{448B4EC0-1AD4-4F0B-8614-6D88DD811196}.Release|Any CPU.ActiveCfg = Release|Any CPU
		{448B4EC0-1AD4-4F0B-8614-6D88DD811196}.Release|Any CPU.Build.0 = Release|Any CPU
	EndGlobalSection
	GlobalSection(SolutionProperties) = preSolution
		HideSolutionNode = FALSE
	EndGlobalSection
	GlobalSection(NestedProjects) = preSolution
		{6EFA8FEC-B320-4BE7-A52B-344A517A91AD} = {E172E76B-8AF7-4431-8F88-FB3D97F9C23C}
	EndGlobalSection
EndGlobal
