
Microsoft Visual Studio Solution File, Format Version 12.00
# Visual Studio 2013
VisualStudioVersion = 12.0.30723.0
MinimumVisualStudioVersion = 10.0.40219.1
Project("{FAE04EC0-301F-11D3-BF4B-00C04F79EFBC}") = "ww2014b", "ww2014b\ww2014b.csproj", "{5575B5E1-EB0F-48BD-9113-B4621FE0CDE9}"
EndProject
Project("{2150E333-8FDC-42A3-9474-1A3956D46DE8}") = "PublishScripts", "PublishScripts", "{1B4B2FA8-1DCC-4521-B008-3CF1E1676470}"
	ProjectSection(SolutionItems) = preProject
		PublishScripts\AzureWebsitePublishModule.psm1 = PublishScripts\AzureWebsitePublishModule.psm1
		PublishScripts\Publish-WebApplicationWebsite.ps1 = PublishScripts\Publish-WebApplicationWebsite.ps1
	EndProjectSection
EndProject
Project("{2150E333-8FDC-42A3-9474-1A3956D46DE8}") = "Configurations", "Configurations", "{EFA55D10-4528-4248-B853-FF96CF69E890}"
	ProjectSection(SolutionItems) = preProject
		PublishScripts\Configurations\ww2014b-WAWS-dev.json = PublishScripts\Configurations\ww2014b-WAWS-dev.json
	EndProjectSection
EndProject
Global
	GlobalSection(SolutionConfigurationPlatforms) = preSolution
		Debug|Any CPU = Debug|Any CPU
		Release|Any CPU = Release|Any CPU
	EndGlobalSection
	GlobalSection(ProjectConfigurationPlatforms) = postSolution
		{5575B5E1-EB0F-48BD-9113-B4621FE0CDE9}.Debug|Any CPU.ActiveCfg = Debug|Any CPU
		{5575B5E1-EB0F-48BD-9113-B4621FE0CDE9}.Debug|Any CPU.Build.0 = Debug|Any CPU
		{5575B5E1-EB0F-48BD-9113-B4621FE0CDE9}.Release|Any CPU.ActiveCfg = Release|Any CPU
		{5575B5E1-EB0F-48BD-9113-B4621FE0CDE9}.Release|Any CPU.Build.0 = Release|Any CPU
	EndGlobalSection
	GlobalSection(SolutionProperties) = preSolution
		HideSolutionNode = FALSE
	EndGlobalSection
	GlobalSection(NestedProjects) = preSolution
		{EFA55D10-4528-4248-B853-FF96CF69E890} = {1B4B2FA8-1DCC-4521-B008-3CF1E1676470}
	EndGlobalSection
EndGlobal
