
Microsoft Visual Studio Solution File, Format Version 12.00
# Visual Studio 2013
VisualStudioVersion = 12.0.30723.0
MinimumVisualStudioVersion = 10.0.40219.1
Project("{FAE04EC0-301F-11D3-BF4B-00C04F79EFBC}") = "ww-ws-objmod", "ww-ws-objmod\ww-ws-objmod.csproj", "{BD3E5E06-F2C8-4375-AA4E-D2FE9A6CD644}"
EndProject
Project("{2150E333-8FDC-42A3-9474-1A3956D46DE8}") = "PublishScripts", "PublishScripts", "{7B80A543-C3EA-4799-9F29-AC90E4FC364D}"
	ProjectSection(SolutionItems) = preProject
		PublishScripts\AzureWebsitePublishModule.psm1 = PublishScripts\AzureWebsitePublishModule.psm1
		PublishScripts\Publish-WebApplicationWebsite.ps1 = PublishScripts\Publish-WebApplicationWebsite.ps1
	EndProjectSection
EndProject
Project("{2150E333-8FDC-42A3-9474-1A3956D46DE8}") = "Configurations", "Configurations", "{114ED053-A289-411F-B814-E31D3CDCD460}"
	ProjectSection(SolutionItems) = preProject
		PublishScripts\Configurations\ww-ws-objmod-WAWS-dev.json = PublishScripts\Configurations\ww-ws-objmod-WAWS-dev.json
	EndProjectSection
EndProject
Global
	GlobalSection(SolutionConfigurationPlatforms) = preSolution
		Debug|Any CPU = Debug|Any CPU
		Release|Any CPU = Release|Any CPU
	EndGlobalSection
	GlobalSection(ProjectConfigurationPlatforms) = postSolution
		{BD3E5E06-F2C8-4375-AA4E-D2FE9A6CD644}.Debug|Any CPU.ActiveCfg = Debug|Any CPU
		{BD3E5E06-F2C8-4375-AA4E-D2FE9A6CD644}.Debug|Any CPU.Build.0 = Debug|Any CPU
		{BD3E5E06-F2C8-4375-AA4E-D2FE9A6CD644}.Release|Any CPU.ActiveCfg = Release|Any CPU
		{BD3E5E06-F2C8-4375-AA4E-D2FE9A6CD644}.Release|Any CPU.Build.0 = Release|Any CPU
	EndGlobalSection
	GlobalSection(SolutionProperties) = preSolution
		HideSolutionNode = FALSE
	EndGlobalSection
	GlobalSection(NestedProjects) = preSolution
		{114ED053-A289-411F-B814-E31D3CDCD460} = {7B80A543-C3EA-4799-9F29-AC90E4FC364D}
	EndGlobalSection
EndGlobal
